
Microsoft Visual Studio Solution File, Format Version 12.00
Project("{2150E333-8FDC-42A3-9474-1A3956D46DE8}") = "Core", "Core", "{FA10383F-44DF-4141-A627-83833BE87961}"
EndProject
Project("{2150E333-8FDC-42A3-9474-1A3956D46DE8}") = "Infrastructure", "Infrastructure", "{9483933E-1E38-4E19-B36D-5EE9CFA3FAE5}"
EndProject
Project("{2150E333-8FDC-42A3-9474-1A3956D46DE8}") = "Presentation", "Presentation", "{517D0F35-3ACE-4A7E-84A4-7F652E5ECC69}"
EndProject
Project("{FAE04EC0-301F-11D3-BF4B-00C04F79EFBC}") = "YouTube.Application", "YouTube.Application\YouTube.Application.csproj", "{ED6D995B-6319-4597-BCDC-86B2750A502A}"
EndProject
Project("{FAE04EC0-301F-11D3-BF4B-00C04F79EFBC}") = "YouTube.Domain", "YouTube.Domain\YouTube.Domain.csproj", "{ACFC064A-778D-4BA1-AFAB-822FE1DF3E92}"
EndProject
Project("{FAE04EC0-301F-11D3-BF4B-00C04F79EFBC}") = "YouTube.Infrastructure", "YouTube.Infrastructure\YouTube.Infrastructure.csproj", "{A59B67F6-5FBC-43B2-B8BA-63915204FA96}"
EndProject
Project("{FAE04EC0-301F-11D3-BF4B-00C04F79EFBC}") = "YouTube.Persistence", "YouTube.Persistence\YouTube.Persistence.csproj", "{353E3E2B-690F-4EC4-A849-11C0DE9D5F18}"
EndProject
Project("{FAE04EC0-301F-11D3-BF4B-00C04F79EFBC}") = "YouTube.WebAPI", "YouTube.WebAPI\YouTube.WebAPI.csproj", "{64460091-308E-42B4-81F2-E9B73CDFE30C}"
EndProject
Project("{2150E333-8FDC-42A3-9474-1A3956D46DE8}") = "Tests", "Tests", "{425226CE-4CB8-4A31-96B8-7AC651C357DF}"
EndProject
Project("{FAE04EC0-301F-11D3-BF4B-00C04F79EFBC}") = "YouTube.UnitTests", "YouTube.UnitTests\YouTube.UnitTests.csproj", "{4FA7D75A-64AF-41EF-B96C-C8B465939000}"
EndProject
Project("{2150E333-8FDC-42A3-9474-1A3956D46DE8}") = "BusApi", "BusApi", "{DF77D16A-83B7-4C72-8479-D0B91B11F749}"
EndProject
Project("{FAE04EC0-301F-11D3-BF4B-00C04F79EFBC}") = "YouTube.BusAPI", "YouTube.BusAPI\YouTube.BusAPI.csproj", "{7110EDA1-667F-48E9-B9C4-C99FC15AEF66}"
EndProject
Project("{FAE04EC0-301F-11D3-BF4B-00C04F79EFBC}") = "YouTube.Data.S3", "YouTube.Data.S3\YouTube.Data.S3.csproj", "{0151A7FF-8DB4-4F12-9620-D4E59BA616F6}"
EndProject
Project("{2150E333-8FDC-42A3-9474-1A3956D46DE8}") = "Payment", "Payment", "{EA2591D3-738D-48C0-B23C-AAFA66AC739A}"
EndProject
Project("{FAE04EC0-301F-11D3-BF4B-00C04F79EFBC}") = "YouTube.Payment", "YouTube.Payment\YouTube.Payment.csproj", "{E7CCF206-8617-4F4F-9101-1E00CA843ED3}"
EndProject
Project("{FAE04EC0-301F-11D3-BF4B-00C04F79EFBC}") = "YouTube.Payment.Data", "YouTube.Payment.Data\YouTube.Payment.Data.csproj", "{C0DDBA22-87DD-4653-B2AA-B7596C9ADD69}"
EndProject
Project("{2150E333-8FDC-42A3-9474-1A3956D46DE8}") = "Shared", "Shared", "{5A136AF7-9DEB-48D6-8F90-77EA31874D9A}"
EndProject
Project("{FAE04EC0-301F-11D3-BF4B-00C04F79EFBC}") = "YouTube.Proto", "YouTube.Proto\YouTube.Proto.csproj", "{2C85301E-4755-4BD9-8392-7ACD94483A95}"
EndProject
Project("{2150E333-8FDC-42A3-9474-1A3956D46DE8}") = "Mobile", "Mobile", "{DA8DFD30-5F17-43E0-B3EC-C815819523A3}"
EndProject
Project("{FAE04EC0-301F-11D3-BF4B-00C04F79EFBC}") = "YouTube.Mobile.Data", "YouTube.Mobile.Data\YouTube.Mobile.Data.csproj", "{EBF46B0B-D4A5-4F5C-B577-06E6E50D37DD}"
EndProject
Project("{FAE04EC0-301F-11D3-BF4B-00C04F79EFBC}") = "ClientForChat", "ClientForChat\ClientForChat.csproj", "{714E9A18-6ED0-4DB9-AD17-18D679B30067}"
EndProject
Project("{FAE04EC0-301F-11D3-BF4B-00C04F79EFBC}") = "ForChatClient", "ForChatClient\ForChatClient.csproj", "{D7F7794F-ACF2-4524-8351-6FEF1E393A6E}"
EndProject
Global
	GlobalSection(SolutionConfigurationPlatforms) = preSolution
		Debug|Any CPU = Debug|Any CPU
		Release|Any CPU = Release|Any CPU
	EndGlobalSection
	GlobalSection(NestedProjects) = preSolution
		{ED6D995B-6319-4597-BCDC-86B2750A502A} = {FA10383F-44DF-4141-A627-83833BE87961}
		{ACFC064A-778D-4BA1-AFAB-822FE1DF3E92} = {FA10383F-44DF-4141-A627-83833BE87961}
		{A59B67F6-5FBC-43B2-B8BA-63915204FA96} = {9483933E-1E38-4E19-B36D-5EE9CFA3FAE5}
		{353E3E2B-690F-4EC4-A849-11C0DE9D5F18} = {9483933E-1E38-4E19-B36D-5EE9CFA3FAE5}
		{64460091-308E-42B4-81F2-E9B73CDFE30C} = {517D0F35-3ACE-4A7E-84A4-7F652E5ECC69}
		{4FA7D75A-64AF-41EF-B96C-C8B465939000} = {425226CE-4CB8-4A31-96B8-7AC651C357DF}
		{7110EDA1-667F-48E9-B9C4-C99FC15AEF66} = {DF77D16A-83B7-4C72-8479-D0B91B11F749}
		{0151A7FF-8DB4-4F12-9620-D4E59BA616F6} = {9483933E-1E38-4E19-B36D-5EE9CFA3FAE5}
		{E7CCF206-8617-4F4F-9101-1E00CA843ED3} = {EA2591D3-738D-48C0-B23C-AAFA66AC739A}
		{C0DDBA22-87DD-4653-B2AA-B7596C9ADD69} = {EA2591D3-738D-48C0-B23C-AAFA66AC739A}
		{2C85301E-4755-4BD9-8392-7ACD94483A95} = {5A136AF7-9DEB-48D6-8F90-77EA31874D9A}
		{EBF46B0B-D4A5-4F5C-B577-06E6E50D37DD} = {DA8DFD30-5F17-43E0-B3EC-C815819523A3}
		{714E9A18-6ED0-4DB9-AD17-18D679B30067} = {517D0F35-3ACE-4A7E-84A4-7F652E5ECC69}
		{D7F7794F-ACF2-4524-8351-6FEF1E393A6E} = {517D0F35-3ACE-4A7E-84A4-7F652E5ECC69}
	EndGlobalSection
	GlobalSection(ProjectConfigurationPlatforms) = postSolution
		{ED6D995B-6319-4597-BCDC-86B2750A502A}.Debug|Any CPU.ActiveCfg = Debug|Any CPU
		{ED6D995B-6319-4597-BCDC-86B2750A502A}.Debug|Any CPU.Build.0 = Debug|Any CPU
		{ED6D995B-6319-4597-BCDC-86B2750A502A}.Release|Any CPU.ActiveCfg = Release|Any CPU
		{ED6D995B-6319-4597-BCDC-86B2750A502A}.Release|Any CPU.Build.0 = Release|Any CPU
		{ACFC064A-778D-4BA1-AFAB-822FE1DF3E92}.Debug|Any CPU.ActiveCfg = Debug|Any CPU
		{ACFC064A-778D-4BA1-AFAB-822FE1DF3E92}.Debug|Any CPU.Build.0 = Debug|Any CPU
		{ACFC064A-778D-4BA1-AFAB-822FE1DF3E92}.Release|Any CPU.ActiveCfg = Release|Any CPU
		{ACFC064A-778D-4BA1-AFAB-822FE1DF3E92}.Release|Any CPU.Build.0 = Release|Any CPU
		{A59B67F6-5FBC-43B2-B8BA-63915204FA96}.Debug|Any CPU.ActiveCfg = Debug|Any CPU
		{A59B67F6-5FBC-43B2-B8BA-63915204FA96}.Debug|Any CPU.Build.0 = Debug|Any CPU
		{A59B67F6-5FBC-43B2-B8BA-63915204FA96}.Release|Any CPU.ActiveCfg = Release|Any CPU
		{A59B67F6-5FBC-43B2-B8BA-63915204FA96}.Release|Any CPU.Build.0 = Release|Any CPU
		{353E3E2B-690F-4EC4-A849-11C0DE9D5F18}.Debug|Any CPU.ActiveCfg = Debug|Any CPU
		{353E3E2B-690F-4EC4-A849-11C0DE9D5F18}.Debug|Any CPU.Build.0 = Debug|Any CPU
		{353E3E2B-690F-4EC4-A849-11C0DE9D5F18}.Release|Any CPU.ActiveCfg = Release|Any CPU
		{353E3E2B-690F-4EC4-A849-11C0DE9D5F18}.Release|Any CPU.Build.0 = Release|Any CPU
		{64460091-308E-42B4-81F2-E9B73CDFE30C}.Debug|Any CPU.ActiveCfg = Debug|Any CPU
		{64460091-308E-42B4-81F2-E9B73CDFE30C}.Debug|Any CPU.Build.0 = Debug|Any CPU
		{64460091-308E-42B4-81F2-E9B73CDFE30C}.Release|Any CPU.ActiveCfg = Release|Any CPU
		{64460091-308E-42B4-81F2-E9B73CDFE30C}.Release|Any CPU.Build.0 = Release|Any CPU
		{4FA7D75A-64AF-41EF-B96C-C8B465939000}.Debug|Any CPU.ActiveCfg = Debug|Any CPU
		{4FA7D75A-64AF-41EF-B96C-C8B465939000}.Debug|Any CPU.Build.0 = Debug|Any CPU
		{4FA7D75A-64AF-41EF-B96C-C8B465939000}.Release|Any CPU.ActiveCfg = Release|Any CPU
		{4FA7D75A-64AF-41EF-B96C-C8B465939000}.Release|Any CPU.Build.0 = Release|Any CPU
		{7110EDA1-667F-48E9-B9C4-C99FC15AEF66}.Debug|Any CPU.ActiveCfg = Debug|Any CPU
		{7110EDA1-667F-48E9-B9C4-C99FC15AEF66}.Debug|Any CPU.Build.0 = Debug|Any CPU
		{7110EDA1-667F-48E9-B9C4-C99FC15AEF66}.Release|Any CPU.ActiveCfg = Release|Any CPU
		{7110EDA1-667F-48E9-B9C4-C99FC15AEF66}.Release|Any CPU.Build.0 = Release|Any CPU
		{0151A7FF-8DB4-4F12-9620-D4E59BA616F6}.Debug|Any CPU.ActiveCfg = Debug|Any CPU
		{0151A7FF-8DB4-4F12-9620-D4E59BA616F6}.Debug|Any CPU.Build.0 = Debug|Any CPU
		{0151A7FF-8DB4-4F12-9620-D4E59BA616F6}.Release|Any CPU.ActiveCfg = Release|Any CPU
		{0151A7FF-8DB4-4F12-9620-D4E59BA616F6}.Release|Any CPU.Build.0 = Release|Any CPU
		{E7CCF206-8617-4F4F-9101-1E00CA843ED3}.Debug|Any CPU.ActiveCfg = Debug|Any CPU
		{E7CCF206-8617-4F4F-9101-1E00CA843ED3}.Debug|Any CPU.Build.0 = Debug|Any CPU
		{E7CCF206-8617-4F4F-9101-1E00CA843ED3}.Release|Any CPU.ActiveCfg = Release|Any CPU
		{E7CCF206-8617-4F4F-9101-1E00CA843ED3}.Release|Any CPU.Build.0 = Release|Any CPU
		{C0DDBA22-87DD-4653-B2AA-B7596C9ADD69}.Debug|Any CPU.ActiveCfg = Debug|Any CPU
		{C0DDBA22-87DD-4653-B2AA-B7596C9ADD69}.Debug|Any CPU.Build.0 = Debug|Any CPU
		{C0DDBA22-87DD-4653-B2AA-B7596C9ADD69}.Release|Any CPU.ActiveCfg = Release|Any CPU
		{C0DDBA22-87DD-4653-B2AA-B7596C9ADD69}.Release|Any CPU.Build.0 = Release|Any CPU
		{2C85301E-4755-4BD9-8392-7ACD94483A95}.Debug|Any CPU.ActiveCfg = Debug|Any CPU
		{2C85301E-4755-4BD9-8392-7ACD94483A95}.Debug|Any CPU.Build.0 = Debug|Any CPU
		{2C85301E-4755-4BD9-8392-7ACD94483A95}.Release|Any CPU.ActiveCfg = Release|Any CPU
		{2C85301E-4755-4BD9-8392-7ACD94483A95}.Release|Any CPU.Build.0 = Release|Any CPU
		{EBF46B0B-D4A5-4F5C-B577-06E6E50D37DD}.Debug|Any CPU.ActiveCfg = Debug|Any CPU
		{EBF46B0B-D4A5-4F5C-B577-06E6E50D37DD}.Debug|Any CPU.Build.0 = Debug|Any CPU
		{EBF46B0B-D4A5-4F5C-B577-06E6E50D37DD}.Release|Any CPU.ActiveCfg = Release|Any CPU
		{EBF46B0B-D4A5-4F5C-B577-06E6E50D37DD}.Release|Any CPU.Build.0 = Release|Any CPU
		{714E9A18-6ED0-4DB9-AD17-18D679B30067}.Debug|Any CPU.ActiveCfg = Debug|Any CPU
		{714E9A18-6ED0-4DB9-AD17-18D679B30067}.Debug|Any CPU.Build.0 = Debug|Any CPU
		{714E9A18-6ED0-4DB9-AD17-18D679B30067}.Release|Any CPU.ActiveCfg = Release|Any CPU
		{714E9A18-6ED0-4DB9-AD17-18D679B30067}.Release|Any CPU.Build.0 = Release|Any CPU
		{D7F7794F-ACF2-4524-8351-6FEF1E393A6E}.Debug|Any CPU.ActiveCfg = Debug|Any CPU
		{D7F7794F-ACF2-4524-8351-6FEF1E393A6E}.Debug|Any CPU.Build.0 = Debug|Any CPU
		{D7F7794F-ACF2-4524-8351-6FEF1E393A6E}.Release|Any CPU.ActiveCfg = Release|Any CPU
		{D7F7794F-ACF2-4524-8351-6FEF1E393A6E}.Release|Any CPU.Build.0 = Release|Any CPU
	EndGlobalSection
EndGlobal
